
Microsoft Visual Studio Solution File, Format Version 12.00
# Visual Studio 14
VisualStudioVersion = 14.0.23107.0
MinimumVisualStudioVersion = 10.0.40219.1
Project("{FAE04EC0-301F-11D3-BF4B-00C04F79EFBC}") = "Portable.System.Data.Common", "Portable.System.Data.Common.csproj", "{207BD6AA-842D-456B-BDA4-AA6A47B366BD}"
EndProject
Project("{FAE04EC0-301F-11D3-BF4B-00C04F79EFBC}") = "Portable.System.Data.Common.DotNet45", "..\Portable.System.Data.Common.DotNet45\Portable.System.Data.Common.DotNet45.csproj", "{7DEAC12C-957D-4A6A-9059-8656E4627A58}"
EndProject
Project("{FAE04EC0-301F-11D3-BF4B-00C04F79EFBC}") = "Portable.System.Data.Common.DotNet45.Tests", "..\Portable.System.Data.Common.DotNet45.Tests\Portable.System.Data.Common.DotNet45.Tests.csproj", "{654723B4-35B5-4B7F-8010-CC1206B5AD6D}"
EndProject
Global
	GlobalSection(SolutionConfigurationPlatforms) = preSolution
		Debug|Any CPU = Debug|Any CPU
		Release|Any CPU = Release|Any CPU
	EndGlobalSection
	GlobalSection(ProjectConfigurationPlatforms) = postSolution
		{207BD6AA-842D-456B-BDA4-AA6A47B366BD}.Debug|Any CPU.ActiveCfg = Debug|Any CPU
		{207BD6AA-842D-456B-BDA4-AA6A47B366BD}.Debug|Any CPU.Build.0 = Debug|Any CPU
		{207BD6AA-842D-456B-BDA4-AA6A47B366BD}.Release|Any CPU.ActiveCfg = Release|Any CPU
		{207BD6AA-842D-456B-BDA4-AA6A47B366BD}.Release|Any CPU.Build.0 = Release|Any CPU
		{7DEAC12C-957D-4A6A-9059-8656E4627A58}.Debug|Any CPU.ActiveCfg = Debug|Any CPU
		{7DEAC12C-957D-4A6A-9059-8656E4627A58}.Debug|Any CPU.Build.0 = Debug|Any CPU
		{7DEAC12C-957D-4A6A-9059-8656E4627A58}.Release|Any CPU.ActiveCfg = Release|Any CPU
		{7DEAC12C-957D-4A6A-9059-8656E4627A58}.Release|Any CPU.Build.0 = Release|Any CPU
		{654723B4-35B5-4B7F-8010-CC1206B5AD6D}.Debug|Any CPU.ActiveCfg = Debug|Any CPU
		{654723B4-35B5-4B7F-8010-CC1206B5AD6D}.Debug|Any CPU.Build.0 = Debug|Any CPU
		{654723B4-35B5-4B7F-8010-CC1206B5AD6D}.Release|Any CPU.ActiveCfg = Release|Any CPU
		{654723B4-35B5-4B7F-8010-CC1206B5AD6D}.Release|Any CPU.Build.0 = Release|Any CPU
	EndGlobalSection
	GlobalSection(SolutionProperties) = preSolution
		HideSolutionNode = FALSE
	EndGlobalSection
EndGlobal
